
Microsoft Visual Studio Solution File, Format Version 12.00
# Visual Studio Version 16
VisualStudioVersion = 16.0.29411.138
MinimumVisualStudioVersion = 10.0.40219.1
Project("{FAE04EC0-301F-11D3-BF4B-00C04F79EFBC}") = "HelloBla", "HelloBla\HelloBla.csproj", "{158B7F21-4BA8-435A-8517-344900E8DC5E}"
EndProject
Global
	GlobalSection(SolutionConfigurationPlatforms) = preSolution
		Debug|Any CPU = Debug|Any CPU
		Release|Any CPU = Release|Any CPU
	EndGlobalSection
	GlobalSection(ProjectConfigurationPlatforms) = postSolution
		{158B7F21-4BA8-435A-8517-344900E8DC5E}.Debug|Any CPU.ActiveCfg = Debug|Any CPU
		{158B7F21-4BA8-435A-8517-344900E8DC5E}.Debug|Any CPU.Build.0 = Debug|Any CPU
		{158B7F21-4BA8-435A-8517-344900E8DC5E}.Release|Any CPU.ActiveCfg = Release|Any CPU
		{158B7F21-4BA8-435A-8517-344900E8DC5E}.Release|Any CPU.Build.0 = Release|Any CPU
	EndGlobalSection
	GlobalSection(SolutionProperties) = preSolution
		HideSolutionNode = FALSE
	EndGlobalSection
	GlobalSection(ExtensibilityGlobals) = postSolution
		SolutionGuid = {15AA0DA2-243F-4527-83F2-AAEAA9BB83FB}
	EndGlobalSection
EndGlobal
